
Microsoft Visual Studio Solution File, Format Version 12.00
# Visual Studio Version 17
VisualStudioVersion = 17.11.35201.85
MinimumVisualStudioVersion = 10.0.40219.1
Project("{FAE04EC0-301F-11D3-BF4B-00C04F79EFBC}") = "AstmDataReceiver", "PortDataReceived\AstmDataReceiver.csproj", "{3AB62197-9A9E-4C49-96C1-6BBB5248C9D0}"
EndProject
Global
	GlobalSection(SolutionConfigurationPlatforms) = preSolution
		Debug|Any CPU = Debug|Any CPU
		Release|Any CPU = Release|Any CPU
	EndGlobalSection
	GlobalSection(ProjectConfigurationPlatforms) = postSolution
		{3AB62197-9A9E-4C49-96C1-6BBB5248C9D0}.Debug|Any CPU.ActiveCfg = Debug|Any CPU
		{3AB62197-9A9E-4C49-96C1-6BBB5248C9D0}.Debug|Any CPU.Build.0 = Debug|Any CPU
		{3AB62197-9A9E-4C49-96C1-6BBB5248C9D0}.Release|Any CPU.ActiveCfg = Release|Any CPU
		{3AB62197-9A9E-4C49-96C1-6BBB5248C9D0}.Release|Any CPU.Build.0 = Release|Any CPU
	EndGlobalSection
	GlobalSection(SolutionProperties) = preSolution
		HideSolutionNode = FALSE
	EndGlobalSection
	GlobalSection(ExtensibilityGlobals) = postSolution
		SolutionGuid = {1DDCC1EE-5542-4823-B1EC-AA460BC091A3}
	EndGlobalSection
EndGlobal
